
Microsoft Visual Studio Solution File, Format Version 12.00
# Visual Studio Version 17
VisualStudioVersion = 17.4.33213.308
MinimumVisualStudioVersion = 10.0.40219.1
Project("{FAE04EC0-301F-11D3-BF4B-00C04F79EFBC}") = "n_tier_intro", "n_tier_intro\n_tier_intro.csproj", "{22CCA226-7D0D-40EC-85C0-588F2ED07C54}"
EndProject
Project("{FAE04EC0-301F-11D3-BF4B-00C04F79EFBC}") = "BLL", "BLL\BLL.csproj", "{B00C749C-455A-4AC4-AB60-A1243A9DE9F3}"
EndProject
Project("{FAE04EC0-301F-11D3-BF4B-00C04F79EFBC}") = "DAL", "DAL\DAL.csproj", "{D6934DD1-46AE-44D5-AFCF-C077DFE9676A}"
EndProject
Global
	GlobalSection(SolutionConfigurationPlatforms) = preSolution
		Debug|Any CPU = Debug|Any CPU
		Release|Any CPU = Release|Any CPU
	EndGlobalSection
	GlobalSection(ProjectConfigurationPlatforms) = postSolution
		{22CCA226-7D0D-40EC-85C0-588F2ED07C54}.Debug|Any CPU.ActiveCfg = Debug|Any CPU
		{22CCA226-7D0D-40EC-85C0-588F2ED07C54}.Debug|Any CPU.Build.0 = Debug|Any CPU
		{22CCA226-7D0D-40EC-85C0-588F2ED07C54}.Release|Any CPU.ActiveCfg = Release|Any CPU
		{22CCA226-7D0D-40EC-85C0-588F2ED07C54}.Release|Any CPU.Build.0 = Release|Any CPU
		{B00C749C-455A-4AC4-AB60-A1243A9DE9F3}.Debug|Any CPU.ActiveCfg = Debug|Any CPU
		{B00C749C-455A-4AC4-AB60-A1243A9DE9F3}.Debug|Any CPU.Build.0 = Debug|Any CPU
		{B00C749C-455A-4AC4-AB60-A1243A9DE9F3}.Release|Any CPU.ActiveCfg = Release|Any CPU
		{B00C749C-455A-4AC4-AB60-A1243A9DE9F3}.Release|Any CPU.Build.0 = Release|Any CPU
		{D6934DD1-46AE-44D5-AFCF-C077DFE9676A}.Debug|Any CPU.ActiveCfg = Debug|Any CPU
		{D6934DD1-46AE-44D5-AFCF-C077DFE9676A}.Debug|Any CPU.Build.0 = Debug|Any CPU
		{D6934DD1-46AE-44D5-AFCF-C077DFE9676A}.Release|Any CPU.ActiveCfg = Release|Any CPU
		{D6934DD1-46AE-44D5-AFCF-C077DFE9676A}.Release|Any CPU.Build.0 = Release|Any CPU
	EndGlobalSection
	GlobalSection(SolutionProperties) = preSolution
		HideSolutionNode = FALSE
	EndGlobalSection
	GlobalSection(ExtensibilityGlobals) = postSolution
		SolutionGuid = {4271D146-71D2-4697-93AE-004D01B31FB3}
	EndGlobalSection
EndGlobal
